
Microsoft Visual Studio Solution File, Format Version 12.00
# Visual Studio Version 17
VisualStudioVersion = 17.4.33205.214
MinimumVisualStudioVersion = 10.0.40219.1
Project("{888888A0-9F3D-457C-B088-3A5042F75D52}") = "ivanovaodinokov", "ivanovaodinokov.pyproj", "{8E835B73-692B-45CF-B633-D32B57D3F9A5}"
EndProject
Global
	GlobalSection(SolutionConfigurationPlatforms) = preSolution
		Debug|Any CPU = Debug|Any CPU
		Release|Any CPU = Release|Any CPU
	EndGlobalSection
	GlobalSection(ProjectConfigurationPlatforms) = postSolution
		{8E835B73-692B-45CF-B633-D32B57D3F9A5}.Debug|Any CPU.ActiveCfg = Debug|Any CPU
		{8E835B73-692B-45CF-B633-D32B57D3F9A5}.Release|Any CPU.ActiveCfg = Release|Any CPU
	EndGlobalSection
	GlobalSection(SolutionProperties) = preSolution
		HideSolutionNode = FALSE
	EndGlobalSection
	GlobalSection(ExtensibilityGlobals) = postSolution
		SolutionGuid = {3C4B2694-11BE-447D-86BC-FD78E0C5EA60}
	EndGlobalSection
EndGlobal
